
Microsoft Visual Studio Solution File, Format Version 12.00
# Visual Studio Version 17
VisualStudioVersion = 17.11.35431.28
MinimumVisualStudioVersion = 10.0.40219.1
Project("{FAE04EC0-301F-11D3-BF4B-00C04F79EFBC}") = "FlavorFunds.Droid", "FlavorFunds\FlavorFunds.Droid\FlavorFunds.Droid.csproj", "{23B646E0-347E-4544-B002-5B1C87E370D9}"
EndProject
Project("{FAE04EC0-301F-11D3-BF4B-00C04F79EFBC}") = "FlavorFunds.iOS", "FlavorFunds\FlavorFunds.iOS\FlavorFunds.iOS.csproj", "{2B28AB57-0E88-4684-977A-ABD02933BAB3}"
EndProject
Project("{FAE04EC0-301F-11D3-BF4B-00C04F79EFBC}") = "FlavorFunds.Mac", "FlavorFunds\FlavorFunds.Mac\FlavorFunds.Mac.csproj", "{2324375D-5523-4476-854B-155E8AA5F52A}"
EndProject
Project("{FAE04EC0-301F-11D3-BF4B-00C04F79EFBC}") = "FlavorFunds.WinUI", "FlavorFunds\FlavorFunds.WinUI\FlavorFunds.WinUI.csproj", "{1E2630A8-C50C-4EEC-9A33-154DAB593DEC}"
EndProject
Global
	GlobalSection(SolutionConfigurationPlatforms) = preSolution
		Debug|Any CPU = Debug|Any CPU
		Debug|ARM64 = Debug|ARM64
		Debug|x64 = Debug|x64
		Debug|x86 = Debug|x86
		Release|Any CPU = Release|Any CPU
		Release|ARM64 = Release|ARM64
		Release|x64 = Release|x64
		Release|x86 = Release|x86
	EndGlobalSection
	GlobalSection(ProjectConfigurationPlatforms) = postSolution
		{23B646E0-347E-4544-B002-5B1C87E370D9}.Debug|Any CPU.ActiveCfg = Debug|Any CPU
		{23B646E0-347E-4544-B002-5B1C87E370D9}.Debug|Any CPU.Build.0 = Debug|Any CPU
		{23B646E0-347E-4544-B002-5B1C87E370D9}.Debug|Any CPU.Deploy.0 = Debug|Any CPU
		{23B646E0-347E-4544-B002-5B1C87E370D9}.Debug|ARM64.ActiveCfg = Debug|Any CPU
		{23B646E0-347E-4544-B002-5B1C87E370D9}.Debug|ARM64.Build.0 = Debug|Any CPU
		{23B646E0-347E-4544-B002-5B1C87E370D9}.Debug|ARM64.Deploy.0 = Debug|Any CPU
		{23B646E0-347E-4544-B002-5B1C87E370D9}.Debug|x64.ActiveCfg = Debug|Any CPU
		{23B646E0-347E-4544-B002-5B1C87E370D9}.Debug|x64.Build.0 = Debug|Any CPU
		{23B646E0-347E-4544-B002-5B1C87E370D9}.Debug|x64.Deploy.0 = Debug|Any CPU
		{23B646E0-347E-4544-B002-5B1C87E370D9}.Debug|x86.ActiveCfg = Debug|Any CPU
		{23B646E0-347E-4544-B002-5B1C87E370D9}.Debug|x86.Build.0 = Debug|Any CPU
		{23B646E0-347E-4544-B002-5B1C87E370D9}.Debug|x86.Deploy.0 = Debug|Any CPU
		{23B646E0-347E-4544-B002-5B1C87E370D9}.Release|Any CPU.ActiveCfg = Release|Any CPU
		{23B646E0-347E-4544-B002-5B1C87E370D9}.Release|Any CPU.Build.0 = Release|Any CPU
		{23B646E0-347E-4544-B002-5B1C87E370D9}.Release|Any CPU.Deploy.0 = Release|Any CPU
		{23B646E0-347E-4544-B002-5B1C87E370D9}.Release|ARM64.ActiveCfg = Release|Any CPU
		{23B646E0-347E-4544-B002-5B1C87E370D9}.Release|ARM64.Build.0 = Release|Any CPU
		{23B646E0-347E-4544-B002-5B1C87E370D9}.Release|ARM64.Deploy.0 = Release|Any CPU
		{23B646E0-347E-4544-B002-5B1C87E370D9}.Release|x64.ActiveCfg = Release|Any CPU
		{23B646E0-347E-4544-B002-5B1C87E370D9}.Release|x64.Build.0 = Release|Any CPU
		{23B646E0-347E-4544-B002-5B1C87E370D9}.Release|x64.Deploy.0 = Release|Any CPU
		{23B646E0-347E-4544-B002-5B1C87E370D9}.Release|x86.ActiveCfg = Release|Any CPU
		{23B646E0-347E-4544-B002-5B1C87E370D9}.Release|x86.Build.0 = Release|Any CPU
		{23B646E0-347E-4544-B002-5B1C87E370D9}.Release|x86.Deploy.0 = Release|Any CPU
		{2B28AB57-0E88-4684-977A-ABD02933BAB3}.Debug|Any CPU.ActiveCfg = Debug|Any CPU
		{2B28AB57-0E88-4684-977A-ABD02933BAB3}.Debug|Any CPU.Build.0 = Debug|Any CPU
		{2B28AB57-0E88-4684-977A-ABD02933BAB3}.Debug|Any CPU.Deploy.0 = Debug|Any CPU
		{2B28AB57-0E88-4684-977A-ABD02933BAB3}.Debug|ARM64.ActiveCfg = Debug|Any CPU
		{2B28AB57-0E88-4684-977A-ABD02933BAB3}.Debug|ARM64.Build.0 = Debug|Any CPU
		{2B28AB57-0E88-4684-977A-ABD02933BAB3}.Debug|ARM64.Deploy.0 = Debug|Any CPU
		{2B28AB57-0E88-4684-977A-ABD02933BAB3}.Debug|x64.ActiveCfg = Debug|Any CPU
		{2B28AB57-0E88-4684-977A-ABD02933BAB3}.Debug|x64.Build.0 = Debug|Any CPU
		{2B28AB57-0E88-4684-977A-ABD02933BAB3}.Debug|x64.Deploy.0 = Debug|Any CPU
		{2B28AB57-0E88-4684-977A-ABD02933BAB3}.Debug|x86.ActiveCfg = Debug|Any CPU
		{2B28AB57-0E88-4684-977A-ABD02933BAB3}.Debug|x86.Build.0 = Debug|Any CPU
		{2B28AB57-0E88-4684-977A-ABD02933BAB3}.Debug|x86.Deploy.0 = Debug|Any CPU
		{2B28AB57-0E88-4684-977A-ABD02933BAB3}.Release|Any CPU.ActiveCfg = Release|Any CPU
		{2B28AB57-0E88-4684-977A-ABD02933BAB3}.Release|Any CPU.Build.0 = Release|Any CPU
		{2B28AB57-0E88-4684-977A-ABD02933BAB3}.Release|Any CPU.Deploy.0 = Release|Any CPU
		{2B28AB57-0E88-4684-977A-ABD02933BAB3}.Release|ARM64.ActiveCfg = Release|Any CPU
		{2B28AB57-0E88-4684-977A-ABD02933BAB3}.Release|ARM64.Build.0 = Release|Any CPU
		{2B28AB57-0E88-4684-977A-ABD02933BAB3}.Release|ARM64.Deploy.0 = Release|Any CPU
		{2B28AB57-0E88-4684-977A-ABD02933BAB3}.Release|x64.ActiveCfg = Release|Any CPU
		{2B28AB57-0E88-4684-977A-ABD02933BAB3}.Release|x64.Build.0 = Release|Any CPU
		{2B28AB57-0E88-4684-977A-ABD02933BAB3}.Release|x64.Deploy.0 = Release|Any CPU
		{2B28AB57-0E88-4684-977A-ABD02933BAB3}.Release|x86.ActiveCfg = Release|Any CPU
		{2B28AB57-0E88-4684-977A-ABD02933BAB3}.Release|x86.Build.0 = Release|Any CPU
		{2B28AB57-0E88-4684-977A-ABD02933BAB3}.Release|x86.Deploy.0 = Release|Any CPU
		{2324375D-5523-4476-854B-155E8AA5F52A}.Debug|Any CPU.ActiveCfg = Debug|Any CPU
		{2324375D-5523-4476-854B-155E8AA5F52A}.Debug|Any CPU.Build.0 = Debug|Any CPU
		{2324375D-5523-4476-854B-155E8AA5F52A}.Debug|Any CPU.Deploy.0 = Debug|Any CPU
		{2324375D-5523-4476-854B-155E8AA5F52A}.Debug|ARM64.ActiveCfg = Debug|Any CPU
		{2324375D-5523-4476-854B-155E8AA5F52A}.Debug|ARM64.Build.0 = Debug|Any CPU
		{2324375D-5523-4476-854B-155E8AA5F52A}.Debug|ARM64.Deploy.0 = Debug|Any CPU
		{2324375D-5523-4476-854B-155E8AA5F52A}.Debug|x64.ActiveCfg = Debug|Any CPU
		{2324375D-5523-4476-854B-155E8AA5F52A}.Debug|x64.Build.0 = Debug|Any CPU
		{2324375D-5523-4476-854B-155E8AA5F52A}.Debug|x64.Deploy.0 = Debug|Any CPU
		{2324375D-5523-4476-854B-155E8AA5F52A}.Debug|x86.ActiveCfg = Debug|Any CPU
		{2324375D-5523-4476-854B-155E8AA5F52A}.Debug|x86.Build.0 = Debug|Any CPU
		{2324375D-5523-4476-854B-155E8AA5F52A}.Debug|x86.Deploy.0 = Debug|Any CPU
		{2324375D-5523-4476-854B-155E8AA5F52A}.Release|Any CPU.ActiveCfg = Release|Any CPU
		{2324375D-5523-4476-854B-155E8AA5F52A}.Release|Any CPU.Build.0 = Release|Any CPU
		{2324375D-5523-4476-854B-155E8AA5F52A}.Release|Any CPU.Deploy.0 = Release|Any CPU
		{2324375D-5523-4476-854B-155E8AA5F52A}.Release|ARM64.ActiveCfg = Release|Any CPU
		{2324375D-5523-4476-854B-155E8AA5F52A}.Release|ARM64.Build.0 = Release|Any CPU
		{2324375D-5523-4476-854B-155E8AA5F52A}.Release|ARM64.Deploy.0 = Release|Any CPU
		{2324375D-5523-4476-854B-155E8AA5F52A}.Release|x64.ActiveCfg = Release|Any CPU
		{2324375D-5523-4476-854B-155E8AA5F52A}.Release|x64.Build.0 = Release|Any CPU
		{2324375D-5523-4476-854B-155E8AA5F52A}.Release|x64.Deploy.0 = Release|Any CPU
		{2324375D-5523-4476-854B-155E8AA5F52A}.Release|x86.ActiveCfg = Release|Any CPU
		{2324375D-5523-4476-854B-155E8AA5F52A}.Release|x86.Build.0 = Release|Any CPU
		{2324375D-5523-4476-854B-155E8AA5F52A}.Release|x86.Deploy.0 = Release|Any CPU
		{1E2630A8-C50C-4EEC-9A33-154DAB593DEC}.Debug|Any CPU.ActiveCfg = Debug|x64
		{1E2630A8-C50C-4EEC-9A33-154DAB593DEC}.Debug|Any CPU.Build.0 = Debug|x64
		{1E2630A8-C50C-4EEC-9A33-154DAB593DEC}.Debug|Any CPU.Deploy.0 = Debug|x64
		{1E2630A8-C50C-4EEC-9A33-154DAB593DEC}.Debug|ARM64.ActiveCfg = Debug|ARM64
		{1E2630A8-C50C-4EEC-9A33-154DAB593DEC}.Debug|ARM64.Build.0 = Debug|ARM64
		{1E2630A8-C50C-4EEC-9A33-154DAB593DEC}.Debug|ARM64.Deploy.0 = Debug|ARM64
		{1E2630A8-C50C-4EEC-9A33-154DAB593DEC}.Debug|x64.ActiveCfg = Debug|x64
		{1E2630A8-C50C-4EEC-9A33-154DAB593DEC}.Debug|x64.Build.0 = Debug|x64
		{1E2630A8-C50C-4EEC-9A33-154DAB593DEC}.Debug|x64.Deploy.0 = Debug|x64
		{1E2630A8-C50C-4EEC-9A33-154DAB593DEC}.Debug|x86.ActiveCfg = Debug|x86
		{1E2630A8-C50C-4EEC-9A33-154DAB593DEC}.Debug|x86.Build.0 = Debug|x86
		{1E2630A8-C50C-4EEC-9A33-154DAB593DEC}.Debug|x86.Deploy.0 = Debug|x86
		{1E2630A8-C50C-4EEC-9A33-154DAB593DEC}.Release|Any CPU.ActiveCfg = Release|x64
		{1E2630A8-C50C-4EEC-9A33-154DAB593DEC}.Release|Any CPU.Build.0 = Release|x64
		{1E2630A8-C50C-4EEC-9A33-154DAB593DEC}.Release|Any CPU.Deploy.0 = Release|x64
		{1E2630A8-C50C-4EEC-9A33-154DAB593DEC}.Release|ARM64.ActiveCfg = Release|ARM64
		{1E2630A8-C50C-4EEC-9A33-154DAB593DEC}.Release|ARM64.Build.0 = Release|ARM64
		{1E2630A8-C50C-4EEC-9A33-154DAB593DEC}.Release|ARM64.Deploy.0 = Release|ARM64
		{1E2630A8-C50C-4EEC-9A33-154DAB593DEC}.Release|x64.ActiveCfg = Release|x64
		{1E2630A8-C50C-4EEC-9A33-154DAB593DEC}.Release|x64.Build.0 = Release|x64
		{1E2630A8-C50C-4EEC-9A33-154DAB593DEC}.Release|x64.Deploy.0 = Release|x64
		{1E2630A8-C50C-4EEC-9A33-154DAB593DEC}.Release|x86.ActiveCfg = Release|x86
		{1E2630A8-C50C-4EEC-9A33-154DAB593DEC}.Release|x86.Build.0 = Release|x86
		{1E2630A8-C50C-4EEC-9A33-154DAB593DEC}.Release|x86.Deploy.0 = Release|x86
	EndGlobalSection
	GlobalSection(SolutionProperties) = preSolution
		HideSolutionNode = FALSE
	EndGlobalSection
	GlobalSection(ExtensibilityGlobals) = postSolution
		SolutionGuid = {01B0EC8B-D40D-4475-AC8E-7DF9891510EC}
	EndGlobalSection
EndGlobal
